PODS:
  - SDWebImage (5.13.1):
    - SDWebImage/Core (= 5.13.1)
  - SDWebImage/Core (5.13.1)

DEPENDENCIES:
  - SDWebImage (~> 5.0)

SPEC REPOS:
  trunk:
    - SDWebImage

SPEC CHECKSUMS:
  SDWebImage: fb26a455eeda4c7a55e4dcb6172dbb258af7a4ca

PODFILE CHECKSUM: 84b48a72efcfe7edb1b93ba512b2528f52ee17e6

COCOAPODS: 1.11.3
