// !$*UTF8*$!
{
	archiveVersion = 1;
	classes = {
	};
	objectVersion = 55;
	objects = {

/* Begin PBXBuildFile section */
		8E0057A828AF8ACA00BD36B0 /* GoogleService-Info.plist in Resources */ = {isa = PBXBuildFile; fileRef = 8E0057A728AF8ACA00BD36B0 /* GoogleService-Info.plist */; };
		8E0057AB28AF8B5B00BD36B0 /* FirebaseAnalytics in Frameworks */ = {isa = PBXBuildFile; productRef = 8E0057AA28AF8B5B00BD36B0 /* FirebaseAnalytics */; };
		8E0057AD28AF8B5B00BD36B0 /* FirebaseAnalyticsOnDeviceConversion in Frameworks */ = {isa = PBXBuildFile; productRef = 8E0057AC28AF8B5B00BD36B0 /* FirebaseAnalyticsOnDeviceConversion */; };
		8E0057AF28AF8B5B00BD36B0 /* FirebaseAnalyticsSwift in Frameworks */ = {isa = PBXBuildFile; productRef = 8E0057AE28AF8B5B00BD36B0 /* FirebaseAnalyticsSwift */; };
		8E0057B128AF8B5B00BD36B0 /* FirebaseAnalyticsWithoutAdIdSupport in Frameworks */ = {isa = PBXBuildFile; productRef = 8E0057B028AF8B5B00BD36B0 /* FirebaseAnalyticsWithoutAdIdSupport */; };
		8E0057B328AF8B5B00BD36B0 /* FirebaseAppCheck in Frameworks */ = {isa = PBXBuildFile; productRef = 8E0057B228AF8B5B00BD36B0 /* FirebaseAppCheck */; };
		8E0057B528AF8B5B00BD36B0 /* FirebaseAppDistribution-Beta in Frameworks */ = {isa = PBXBuildFile; productRef = 8E0057B428AF8B5B00BD36B0 /* FirebaseAppDistribution-Beta */; };
		8E0057B728AF8B5B00BD36B0 /* FirebaseAuth in Frameworks */ = {isa = PBXBuildFile; productRef = 8E0057B628AF8B5B00BD36B0 /* FirebaseAuth */; };
		8E0057B928AF8B5B00BD36B0 /* FirebaseAuthCombine-Community in Frameworks */ = {isa = PBXBuildFile; productRef = 8E0057B828AF8B5B00BD36B0 /* FirebaseAuthCombine-Community */; };
		8E0057BB28AF8B5B00BD36B0 /* FirebaseCrashlytics in Frameworks */ = {isa = PBXBuildFile; productRef = 8E0057BA28AF8B5B00BD36B0 /* FirebaseCrashlytics */; };
		8E0057BD28AF8B5B00BD36B0 /* FirebaseDatabase in Frameworks */ = {isa = PBXBuildFile; productRef = 8E0057BC28AF8B5B00BD36B0 /* FirebaseDatabase */; };
		8E0057BF28AF8B5B00BD36B0 /* FirebaseDatabaseSwift in Frameworks */ = {isa = PBXBuildFile; productRef = 8E0057BE28AF8B5B00BD36B0 /* FirebaseDatabaseSwift */; };
		8E0057C128AF8B5B00BD36B0 /* FirebaseDynamicLinks in Frameworks */ = {isa = PBXBuildFile; productRef = 8E0057C028AF8B5B00BD36B0 /* FirebaseDynamicLinks */; };
		8E0057C328AF8B5B00BD36B0 /* FirebaseFirestore in Frameworks */ = {isa = PBXBuildFile; productRef = 8E0057C228AF8B5B00BD36B0 /* FirebaseFirestore */; };
		8E0057C528AF8B5B00BD36B0 /* FirebaseFirestoreCombine-Community in Frameworks */ = {isa = PBXBuildFile; productRef = 8E0057C428AF8B5B00BD36B0 /* FirebaseFirestoreCombine-Community */; };
		8E0057C728AF8B5B00BD36B0 /* FirebaseFirestoreSwift in Frameworks */ = {isa = PBXBuildFile; productRef = 8E0057C628AF8B5B00BD36B0 /* FirebaseFirestoreSwift */; };
		8E0057C928AF8B5B00BD36B0 /* FirebaseFunctions in Frameworks */ = {isa = PBXBuildFile; productRef = 8E0057C828AF8B5B00BD36B0 /* FirebaseFunctions */; };
		8E0057CB28AF8B5B00BD36B0 /* FirebaseFunctionsCombine-Community in Frameworks */ = {isa = PBXBuildFile; productRef = 8E0057CA28AF8B5B00BD36B0 /* FirebaseFunctionsCombine-Community */; };
		8E0057CD28AF8B5B00BD36B0 /* FirebaseInAppMessaging-Beta in Frameworks */ = {isa = PBXBuildFile; productRef = 8E0057CC28AF8B5B00BD36B0 /* FirebaseInAppMessaging-Beta */; };
		8E0057CF28AF8B5B00BD36B0 /* FirebaseInAppMessagingSwift-Beta in Frameworks */ = {isa = PBXBuildFile; productRef = 8E0057CE28AF8B5B00BD36B0 /* FirebaseInAppMessagingSwift-Beta */; };
		8E0057D128AF8B5B00BD36B0 /* FirebaseInstallations in Frameworks */ = {isa = PBXBuildFile; productRef = 8E0057D028AF8B5B00BD36B0 /* FirebaseInstallations */; };
		8E0057D328AF8B5B00BD36B0 /* FirebaseMLModelDownloader in Frameworks */ = {isa = PBXBuildFile; productRef = 8E0057D228AF8B5B00BD36B0 /* FirebaseMLModelDownloader */; };
		8E0057D528AF8B5B00BD36B0 /* FirebaseMessaging in Frameworks */ = {isa = PBXBuildFile; productRef = 8E0057D428AF8B5B00BD36B0 /* FirebaseMessaging */; };
		8E0057D728AF8B5B00BD36B0 /* FirebasePerformance in Frameworks */ = {isa = PBXBuildFile; productRef = 8E0057D628AF8B5B00BD36B0 /* FirebasePerformance */; };
		8E0057D928AF8B5B00BD36B0 /* FirebaseRemoteConfig in Frameworks */ = {isa = PBXBuildFile; productRef = 8E0057D828AF8B5B00BD36B0 /* FirebaseRemoteConfig */; };
		8E0057DB28AF8B5B00BD36B0 /* FirebaseRemoteConfigSwift in Frameworks */ = {isa = PBXBuildFile; productRef = 8E0057DA28AF8B5B00BD36B0 /* FirebaseRemoteConfigSwift */; };
		8E0057DD28AF8B5B00BD36B0 /* FirebaseStorage in Frameworks */ = {isa = PBXBuildFile; productRef = 8E0057DC28AF8B5B00BD36B0 /* FirebaseStorage */; };
		8E0057DF28AF8B5B00BD36B0 /* FirebaseStorageCombine-Community in Frameworks */ = {isa = PBXBuildFile; productRef = 8E0057DE28AF8B5B00BD36B0 /* FirebaseStorageCombine-Community */; };
		8E0057E128AF995A00BD36B0 /* Constants.swift in Sources */ = {isa = PBXBuildFile; fileRef = 8E0057E028AF995A00BD36B0 /* Constants.swift */; };
		8E0057E328AF99E200BD36B0 /* FeedVC.swift in Sources */ = {isa = PBXBuildFile; fileRef = 8E0057E228AF99E200BD36B0 /* FeedVC.swift */; };
		8E0057E528AF99F400BD36B0 /* UploadVC.swift in Sources */ = {isa = PBXBuildFile; fileRef = 8E0057E428AF99F400BD36B0 /* UploadVC.swift */; };
		8E0057E728AF9A0700BD36B0 /* SettingsVC.swift in Sources */ = {isa = PBXBuildFile; fileRef = 8E0057E628AF9A0700BD36B0 /* SettingsVC.swift */; };
		8E16E59B28AFCD50006D28B5 /* FeedCell.swift in Sources */ = {isa = PBXBuildFile; fileRef = 8E16E59A28AFCD50006D28B5 /* FeedCell.swift */; };
		8E82681D28AF89EB008DE732 /* AppDelegate.swift in Sources */ = {isa = PBXBuildFile; fileRef = 8E82681C28AF89EB008DE732 /* AppDelegate.swift */; };
		8E82681F28AF89EB008DE732 /* SceneDelegate.swift in Sources */ = {isa = PBXBuildFile; fileRef = 8E82681E28AF89EB008DE732 /* SceneDelegate.swift */; };
		8E82682128AF89EB008DE732 /* LoginVC.swift in Sources */ = {isa = PBXBuildFile; fileRef = 8E82682028AF89EB008DE732 /* LoginVC.swift */; };
		8E82682428AF89EB008DE732 /* Main.storyboard in Resources */ = {isa = PBXBuildFile; fileRef = 8E82682228AF89EB008DE732 /* Main.storyboard */; };
		8E82682628AF89EC008DE732 /* Assets.xcassets in Resources */ = {isa = PBXBuildFile; fileRef = 8E82682528AF89EC008DE732 /* Assets.xcassets */; };
		8E82682928AF89EC008DE732 /* LaunchScreen.storyboard in Resources */ = {isa = PBXBuildFile; fileRef = 8E82682728AF89EC008DE732 /* LaunchScreen.storyboard */; };
		ABA7F3A70711EFDD6303C22D /* Pods_Post_App.framework in Frameworks */ = {isa = PBXBuildFile; fileRef = BD13CC3B61E39E1B7B66FCAA /* Pods_Post_App.framework */; };
/* End PBXBuildFile section */

/* Begin PBXFileReference section */
		8E0057A728AF8ACA00BD36B0 /* GoogleService-Info.plist */ = {isa = PBXFileReference; fileEncoding = 4; lastKnownFileType = text.plist.xml; path = "GoogleService-Info.plist"; sourceTree = "<group>"; };
		8E0057E028AF995A00BD36B0 /* Constants.swift */ = {isa = PBXFileReference; lastKnownFileType = sourcecode.swift; path = Constants.swift; sourceTree = "<group>"; };
		8E0057E228AF99E200BD36B0 /* FeedVC.swift */ = {isa = PBXFileReference; lastKnownFileType = sourcecode.swift; path = FeedVC.swift; sourceTree = "<group>"; };
		8E0057E428AF99F400BD36B0 /* UploadVC.swift */ = {isa = PBXFileReference; lastKnownFileType = sourcecode.swift; path = UploadVC.swift; sourceTree = "<group>"; };
		8E0057E628AF9A0700BD36B0 /* SettingsVC.swift */ = {isa = PBXFileReference; lastKnownFileType = sourcecode.swift; path = SettingsVC.swift; sourceTree = "<group>"; };
		8E16E59A28AFCD50006D28B5 /* FeedCell.swift */ = {isa = PBXFileReference; lastKnownFileType = sourcecode.swift; path = FeedCell.swift; sourceTree = "<group>"; };
		8E82681928AF89EB008DE732 /* Post_App.app */ = {isa = PBXFileReference; explicitFileType = wrapper.application; includeInIndex = 0; path = Post_App.app; sourceTree = BUILT_PRODUCTS_DIR; };
		8E82681C28AF89EB008DE732 /* AppDelegate.swift */ = {isa = PBXFileReference; lastKnownFileType = sourcecode.swift; path = AppDelegate.swift; sourceTree = "<group>"; };
		8E82681E28AF89EB008DE732 /* SceneDelegate.swift */ = {isa = PBXFileReference; lastKnownFileType = sourcecode.swift; path = SceneDelegate.swift; sourceTree = "<group>"; };
		8E82682028AF89EB008DE732 /* LoginVC.swift */ = {isa = PBXFileReference; lastKnownFileType = sourcecode.swift; path = LoginVC.swift; sourceTree = "<group>"; };
		8E82682328AF89EB008DE732 /* Base */ = {isa = PBXFileReference; lastKnownFileType = file.storyboard; name = Base; path = Base.lproj/Main.storyboard; sourceTree = "<group>"; };
		8E82682528AF89EC008DE732 /* Assets.xcassets */ = {isa = PBXFileReference; lastKnownFileType = folder.assetcatalog; path = Assets.xcassets; sourceTree = "<group>"; };
		8E82682828AF89EC008DE732 /* Base */ = {isa = PBXFileReference; lastKnownFileType = file.storyboard; name = Base; path = Base.lproj/LaunchScreen.storyboard; sourceTree = "<group>"; };
		8E82682A28AF89EC008DE732 /* Info.plist */ = {isa = PBXFileReference; lastKnownFileType = text.plist.xml; path = Info.plist; sourceTree = "<group>"; };
		9C3667D3BCFF4A80F0B2AAA4 /* Pods-Post_App.debug.xcconfig */ = {isa = PBXFileReference; includeInIndex = 1; lastKnownFileType = text.xcconfig; name = "Pods-Post_App.debug.xcconfig"; path = "Target Support Files/Pods-Post_App/Pods-Post_App.debug.xcconfig"; sourceTree = "<group>"; };
		BD13CC3B61E39E1B7B66FCAA /* Pods_Post_App.framework */ = {isa = PBXFileReference; explicitFileType = wrapper.framework; includeInIndex = 0; path = Pods_Post_App.framework; sourceTree = BUILT_PRODUCTS_DIR; };
		CF10605DD985578AE4B99A47 /* Pods-Post_App.release.xcconfig */ = {isa = PBXFileReference; includeInIndex = 1; lastKnownFileType = text.xcconfig; name = "Pods-Post_App.release.xcconfig"; path = "Target Support Files/Pods-Post_App/Pods-Post_App.release.xcconfig"; sourceTree = "<group>"; };
/* End PBXFileReference section */

/* Begin PBXFrameworksBuildPhase section */
		8E82681628AF89EB008DE732 /* Frameworks */ = {
			isa = PBXFrameworksBuildPhase;
			buildActionMask = 2147483647;
			files = (
				8E0057C928AF8B5B00BD36B0 /* FirebaseFunctions in Frameworks */,
				8E0057BF28AF8B5B00BD36B0 /* FirebaseDatabaseSwift in Frameworks */,
				8E0057CF28AF8B5B00BD36B0 /* FirebaseInAppMessagingSwift-Beta in Frameworks */,
				8E0057D528AF8B5B00BD36B0 /* FirebaseMessaging in Frameworks */,
				8E0057B528AF8B5B00BD36B0 /* FirebaseAppDistribution-Beta in Frameworks */,
				8E0057B928AF8B5B00BD36B0 /* FirebaseAuthCombine-Community in Frameworks */,
				8E0057C528AF8B5B00BD36B0 /* FirebaseFirestoreCombine-Community in Frameworks */,
				8E0057AF28AF8B5B00BD36B0 /* FirebaseAnalyticsSwift in Frameworks */,
				8E0057D328AF8B5B00BD36B0 /* FirebaseMLModelDownloader in Frameworks */,
				8E0057B128AF8B5B00BD36B0 /* FirebaseAnalyticsWithoutAdIdSupport in Frameworks */,
				8E0057AB28AF8B5B00BD36B0 /* FirebaseAnalytics in Frameworks */,
				8E0057C728AF8B5B00BD36B0 /* FirebaseFirestoreSwift in Frameworks */,
				8E0057AD28AF8B5B00BD36B0 /* FirebaseAnalyticsOnDeviceConversion in Frameworks */,
				8E0057B328AF8B5B00BD36B0 /* FirebaseAppCheck in Frameworks */,
				8E0057D728AF8B5B00BD36B0 /* FirebasePerformance in Frameworks */,
				8E0057CD28AF8B5B00BD36B0 /* FirebaseInAppMessaging-Beta in Frameworks */,
				8E0057CB28AF8B5B00BD36B0 /* FirebaseFunctionsCombine-Community in Frameworks */,
				8E0057BB28AF8B5B00BD36B0 /* FirebaseCrashlytics in Frameworks */,
				8E0057D128AF8B5B00BD36B0 /* FirebaseInstallations in Frameworks */,
				8E0057D928AF8B5B00BD36B0 /* FirebaseRemoteConfig in Frameworks */,
				8E0057DD28AF8B5B00BD36B0 /* FirebaseStorage in Frameworks */,
				8E0057BD28AF8B5B00BD36B0 /* FirebaseDatabase in Frameworks */,
				8E0057DF28AF8B5B00BD36B0 /* FirebaseStorageCombine-Community in Frameworks */,
				ABA7F3A70711EFDD6303C22D /* Pods_Post_App.framework in Frameworks */,
				8E0057B728AF8B5B00BD36B0 /* FirebaseAuth in Frameworks */,
				8E0057C128AF8B5B00BD36B0 /* FirebaseDynamicLinks in Frameworks */,
				8E0057C328AF8B5B00BD36B0 /* FirebaseFirestore in Frameworks */,
				8E0057DB28AF8B5B00BD36B0 /* FirebaseRemoteConfigSwift in Frameworks */,
			);
			runOnlyForDeploymentPostprocessing = 0;
		};
/* End PBXFrameworksBuildPhase section */

/* Begin PBXGroup section */
		5320C8DD582A98F5A6959331 /* Pods */ = {
			isa = PBXGroup;
			children = (
				9C3667D3BCFF4A80F0B2AAA4 /* Pods-Post_App.debug.xcconfig */,
				CF10605DD985578AE4B99A47 /* Pods-Post_App.release.xcconfig */,
			);
			path = Pods;
			sourceTree = "<group>";
		};
		8D8E34211AB4A5D2A41BE547 /* Frameworks */ = {
			isa = PBXGroup;
			children = (
				BD13CC3B61E39E1B7B66FCAA /* Pods_Post_App.framework */,
			);
			name = Frameworks;
			sourceTree = "<group>";
		};
		8E82681028AF89EB008DE732 = {
			isa = PBXGroup;
			children = (
				8E82681B28AF89EB008DE732 /* Post_App */,
				8E82681A28AF89EB008DE732 /* Products */,
				5320C8DD582A98F5A6959331 /* Pods */,
				8D8E34211AB4A5D2A41BE547 /* Frameworks */,
			);
			sourceTree = "<group>";
		};
		8E82681A28AF89EB008DE732 /* Products */ = {
			isa = PBXGroup;
			children = (
				8E82681928AF89EB008DE732 /* Post_App.app */,
			);
			name = Products;
			sourceTree = "<group>";
		};
		8E82681B28AF89EB008DE732 /* Post_App */ = {
			isa = PBXGroup;
			children = (
				8E82681C28AF89EB008DE732 /* AppDelegate.swift */,
				8E82681E28AF89EB008DE732 /* SceneDelegate.swift */,
				8E82682028AF89EB008DE732 /* LoginVC.swift */,
				8E0057E228AF99E200BD36B0 /* FeedVC.swift */,
				8E0057E428AF99F400BD36B0 /* UploadVC.swift */,
				8E0057E628AF9A0700BD36B0 /* SettingsVC.swift */,
				8E82682228AF89EB008DE732 /* Main.storyboard */,
				8E82682528AF89EC008DE732 /* Assets.xcassets */,
				8E82682728AF89EC008DE732 /* LaunchScreen.storyboard */,
				8E82682A28AF89EC008DE732 /* Info.plist */,
				8E0057A728AF8ACA00BD36B0 /* GoogleService-Info.plist */,
				8E0057E028AF995A00BD36B0 /* Constants.swift */,
				8E16E59A28AFCD50006D28B5 /* FeedCell.swift */,
			);
			path = Post_App;
			sourceTree = "<group>";
		};
/* End PBXGroup section */

/* Begin PBXNativeTarget section */
		8E82681828AF89EB008DE732 /* Post_App */ = {
			isa = PBXNativeTarget;
			buildConfigurationList = 8E82682D28AF89EC008DE732 /* Build configuration list for PBXNativeTarget "Post_App" */;
			buildPhases = (
				1B611D3CF297E83FEAA0D023 /* [CP] Check Pods Manifest.lock */,
				8E82681528AF89EB008DE732 /* Sources */,
				8E82681628AF89EB008DE732 /* Frameworks */,
				8E82681728AF89EB008DE732 /* Resources */,
				FCD2F471069E6461F13F2968 /* [CP] Embed Pods Frameworks */,
			);
			buildRules = (
			);
			dependencies = (
			);
			name = Post_App;
			packageProductDependencies = (
				8E0057AA28AF8B5B00BD36B0 /* FirebaseAnalytics */,
				8E0057AC28AF8B5B00BD36B0 /* FirebaseAnalyticsOnDeviceConversion */,
				8E0057AE28AF8B5B00BD36B0 /* FirebaseAnalyticsSwift */,
				8E0057B028AF8B5B00BD36B0 /* FirebaseAnalyticsWithoutAdIdSupport */,
				8E0057B228AF8B5B00BD36B0 /* FirebaseAppCheck */,
				8E0057B428AF8B5B00BD36B0 /* FirebaseAppDistribution-Beta */,
				8E0057B628AF8B5B00BD36B0 /* FirebaseAuth */,
				8E0057B828AF8B5B00BD36B0 /* FirebaseAuthCombine-Community */,
				8E0057BA28AF8B5B00BD36B0 /* FirebaseCrashlytics */,
				8E0057BC28AF8B5B00BD36B0 /* FirebaseDatabase */,
				8E0057BE28AF8B5B00BD36B0 /* FirebaseDatabaseSwift */,
				8E0057C028AF8B5B00BD36B0 /* FirebaseDynamicLinks */,
				8E0057C228AF8B5B00BD36B0 /* FirebaseFirestore */,
				8E0057C428AF8B5B00BD36B0 /* FirebaseFirestoreCombine-Community */,
				8E0057C628AF8B5B00BD36B0 /* FirebaseFirestoreSwift */,
				8E0057C828AF8B5B00BD36B0 /* FirebaseFunctions */,
				8E0057CA28AF8B5B00BD36B0 /* FirebaseFunctionsCombine-Community */,
				8E0057CC28AF8B5B00BD36B0 /* FirebaseInAppMessaging-Beta */,
				8E0057CE28AF8B5B00BD36B0 /* FirebaseInAppMessagingSwift-Beta */,
				8E0057D028AF8B5B00BD36B0 /* FirebaseInstallations */,
				8E0057D228AF8B5B00BD36B0 /* FirebaseMLModelDownloader */,
				8E0057D428AF8B5B00BD36B0 /* FirebaseMessaging */,
				8E0057D628AF8B5B00BD36B0 /* FirebasePerformance */,
				8E0057D828AF8B5B00BD36B0 /* FirebaseRemoteConfig */,
				8E0057DA28AF8B5B00BD36B0 /* FirebaseRemoteConfigSwift */,
				8E0057DC28AF8B5B00BD36B0 /* FirebaseStorage */,
				8E0057DE28AF8B5B00BD36B0 /* FirebaseStorageCombine-Community */,
			);
			productName = Post_App;
			productReference = 8E82681928AF89EB008DE732 /* Post_App.app */;
			productType = "com.apple.product-type.application";
		};
/* End PBXNativeTarget section */

/* Begin PBXProject section */
		8E82681128AF89EB008DE732 /* Project object */ = {
			isa = PBXProject;
			attributes = {
				BuildIndependentTargetsInParallel = 1;
				LastSwiftUpdateCheck = 1340;
				LastUpgradeCheck = 1340;
				TargetAttributes = {
					8E82681828AF89EB008DE732 = {
						CreatedOnToolsVersion = 13.4.1;
					};
				};
			};
			buildConfigurationList = 8E82681428AF89EB008DE732 /* Build configuration list for PBXProject "Post_App" */;
			compatibilityVersion = "Xcode 13.0";
			developmentRegion = en;
			hasScannedForEncodings = 0;
			knownRegions = (
				en,
				Base,
			);
			mainGroup = 8E82681028AF89EB008DE732;
			packageReferences = (
				8E0057A928AF8B5B00BD36B0 /* XCRemoteSwiftPackageReference "firebase-ios-sdk" */,
			);
			productRefGroup = 8E82681A28AF89EB008DE732 /* Products */;
			projectDirPath = "";
			projectRoot = "";
			targets = (
				8E82681828AF89EB008DE732 /* Post_App */,
			);
		};
/* End PBXProject section */

/* Begin PBXResourcesBuildPhase section */
		8E82681728AF89EB008DE732 /* Resources */ = {
			isa = PBXResourcesBuildPhase;
			buildActionMask = 2147483647;
			files = (
				8E82682928AF89EC008DE732 /* LaunchScreen.storyboard in Resources */,
				8E82682628AF89EC008DE732 /* Assets.xcassets in Resources */,
				8E82682428AF89EB008DE732 /* Main.storyboard in Resources */,
				8E0057A828AF8ACA00BD36B0 /* GoogleService-Info.plist in Resources */,
			);
			runOnlyForDeploymentPostprocessing = 0;
		};
/* End PBXResourcesBuildPhase section */

/* Begin PBXShellScriptBuildPhase section */
		1B611D3CF297E83FEAA0D023 /* [CP] Check Pods Manifest.lock */ = {
			isa = PBXShellScriptBuildPhase;
			buildActionMask = 2147483647;
			files = (
			);
			inputFileListPaths = (
			);
			inputPaths = (
				"${PODS_PODFILE_DIR_PATH}/Podfile.lock",
				"${PODS_ROOT}/Manifest.lock",
			);
			name = "[CP] Check Pods Manifest.lock";
			outputFileListPaths = (
			);
			outputPaths = (
				"$(DERIVED_FILE_DIR)/Pods-Post_App-checkManifestLockResult.txt",
			);
			runOnlyForDeploymentPostprocessing = 0;
			shellPath = /bin/sh;
			shellScript = "diff \"${PODS_PODFILE_DIR_PATH}/Podfile.lock\" \"${PODS_ROOT}/Manifest.lock\" > /dev/null\nif [ $? != 0 ] ; then\n    # print error to STDERR\n    echo \"error: The sandbox is not in sync with the Podfile.lock. Run 'pod install' or update your CocoaPods installation.\" >&2\n    exit 1\nfi\n# This output is used by Xcode 'outputs' to avoid re-running this script phase.\necho \"SUCCESS\" > \"${SCRIPT_OUTPUT_FILE_0}\"\n";
			showEnvVarsInLog = 0;
		};
		FCD2F471069E6461F13F2968 /* [CP] Embed Pods Frameworks */ = {
			isa = PBXShellScriptBuildPhase;
			buildActionMask = 2147483647;
			files = (
			);
			inputFileListPaths = (
				"${PODS_ROOT}/Target Support Files/Pods-Post_App/Pods-Post_App-frameworks-${CONFIGURATION}-input-files.xcfilelist",
			);
			name = "[CP] Embed Pods Frameworks";
			outputFileListPaths = (
				"${PODS_ROOT}/Target Support Files/Pods-Post_App/Pods-Post_App-frameworks-${CONFIGURATION}-output-files.xcfilelist",
			);
			runOnlyForDeploymentPostprocessing = 0;
			shellPath = /bin/sh;
			shellScript = "\"${PODS_ROOT}/Target Support Files/Pods-Post_App/Pods-Post_App-frameworks.sh\"\n";
			showEnvVarsInLog = 0;
		};
/* End PBXShellScriptBuildPhase section */

/* Begin PBXSourcesBuildPhase section */
		8E82681528AF89EB008DE732 /* Sources */ = {
			isa = PBXSourcesBuildPhase;
			buildActionMask = 2147483647;
			files = (
				8E82682128AF89EB008DE732 /* LoginVC.swift in Sources */,
				8E0057E528AF99F400BD36B0 /* UploadVC.swift in Sources */,
				8E82681D28AF89EB008DE732 /* AppDelegate.swift in Sources */,
				8E0057E328AF99E200BD36B0 /* FeedVC.swift in Sources */,
				8E82681F28AF89EB008DE732 /* SceneDelegate.swift in Sources */,
				8E16E59B28AFCD50006D28B5 /* FeedCell.swift in Sources */,
				8E0057E128AF995A00BD36B0 /* Constants.swift in Sources */,
				8E0057E728AF9A0700BD36B0 /* SettingsVC.swift in Sources */,
			);
			runOnlyForDeploymentPostprocessing = 0;
		};
/* End PBXSourcesBuildPhase section */

/* Begin PBXVariantGroup section */
		8E82682228AF89EB008DE732 /* Main.storyboard */ = {
			isa = PBXVariantGroup;
			children = (
				8E82682328AF89EB008DE732 /* Base */,
			);
			name = Main.storyboard;
			sourceTree = "<group>";
		};
		8E82682728AF89EC008DE732 /* LaunchScreen.storyboard */ = {
			isa = PBXVariantGroup;
			children = (
				8E82682828AF89EC008DE732 /* Base */,
			);
			name = LaunchScreen.storyboard;
			sourceTree = "<group>";
		};
/* End PBXVariantGroup section */

/* Begin XCBuildConfiguration section */
		8E82682B28AF89EC008DE732 /* Debug */ = {
			isa = XCBuildConfiguration;
			buildSettings = {
				ALWAYS_SEARCH_USER_PATHS = NO;
				CLANG_ANALYZER_NONNULL = YES;
				CLANG_ANALYZER_NUMBER_OBJECT_CONVERSION = YES_AGGRESSIVE;
				CLANG_CXX_LANGUAGE_STANDARD = "gnu++17";
				CLANG_ENABLE_MODULES = YES;
				CLANG_ENABLE_OBJC_ARC = YES;
				CLANG_ENABLE_OBJC_WEAK = YES;
				CLANG_WARN_BLOCK_CAPTURE_AUTORELEASING = YES;
				CLANG_WARN_BOOL_CONVERSION = YES;
				CLANG_WARN_COMMA = YES;
				CLANG_WARN_CONSTANT_CONVERSION = YES;
				CLANG_WARN_DEPRECATED_OBJC_IMPLEMENTATIONS = YES;
				CLANG_WARN_DIRECT_OBJC_ISA_USAGE = YES_ERROR;
				CLANG_WARN_DOCUMENTATION_COMMENTS = YES;
				CLANG_WARN_EMPTY_BODY = YES;
				CLANG_WARN_ENUM_CONVERSION = YES;
				CLANG_WARN_INFINITE_RECURSION = YES;
				CLANG_WARN_INT_CONVERSION = YES;
				CLANG_WARN_NON_LITERAL_NULL_CONVERSION = YES;
				CLANG_WARN_OBJC_IMPLICIT_RETAIN_SELF = YES;
				CLANG_WARN_OBJC_LITERAL_CONVERSION = YES;
				CLANG_WARN_OBJC_ROOT_CLASS = YES_ERROR;
				CLANG_WARN_QUOTED_INCLUDE_IN_FRAMEWORK_HEADER = YES;
				CLANG_WARN_RANGE_LOOP_ANALYSIS = YES;
				CLANG_WARN_STRICT_PROTOTYPES = YES;
				CLANG_WARN_SUSPICIOUS_MOVE = YES;
				CLANG_WARN_UNGUARDED_AVAILABILITY = YES_AGGRESSIVE;
				CLANG_WARN_UNREACHABLE_CODE = YES;
				CLANG_WARN__DUPLICATE_METHOD_MATCH = YES;
				COPY_PHASE_STRIP = NO;
				DEBUG_INFORMATION_FORMAT = dwarf;
				ENABLE_STRICT_OBJC_MSGSEND = YES;
				ENABLE_TESTABILITY = YES;
				GCC_C_LANGUAGE_STANDARD = gnu11;
				GCC_DYNAMIC_NO_PIC = NO;
				GCC_NO_COMMON_BLOCKS = YES;
				GCC_OPTIMIZATION_LEVEL = 0;
				GCC_PREPROCESSOR_DEFINITIONS = (
					"DEBUG=1",
					"$(inherited)",
				);
				GCC_WARN_64_TO_32_BIT_CONVERSION = YES;
				GCC_WARN_ABOUT_RETURN_TYPE = YES_ERROR;
				GCC_WARN_UNDECLARED_SELECTOR = YES;
				GCC_WARN_UNINITIALIZED_AUTOS = YES_AGGRESSIVE;
				GCC_WARN_UNUSED_FUNCTION = YES;
				GCC_WARN_UNUSED_VARIABLE = YES;
				IPHONEOS_DEPLOYMENT_TARGET = 15.5;
				MTL_ENABLE_DEBUG_INFO = INCLUDE_SOURCE;
				MTL_FAST_MATH = YES;
				ONLY_ACTIVE_ARCH = YES;
				SDKROOT = iphoneos;
				SWIFT_ACTIVE_COMPILATION_CONDITIONS = DEBUG;
				SWIFT_OPTIMIZATION_LEVEL = "-Onone";
			};
			name = Debug;
		};
		8E82682C28AF89EC008DE732 /* Release */ = {
			isa = XCBuildConfiguration;
			buildSettings = {
				ALWAYS_SEARCH_USER_PATHS = NO;
				CLANG_ANALYZER_NONNULL = YES;
				CLANG_ANALYZER_NUMBER_OBJECT_CONVERSION = YES_AGGRESSIVE;
				CLANG_CXX_LANGUAGE_STANDARD = "gnu++17";
				CLANG_ENABLE_MODULES = YES;
				CLANG_ENABLE_OBJC_ARC = YES;
				CLANG_ENABLE_OBJC_WEAK = YES;
				CLANG_WARN_BLOCK_CAPTURE_AUTORELEASING = YES;
				CLANG_WARN_BOOL_CONVERSION = YES;
				CLANG_WARN_COMMA = YES;
				CLANG_WARN_CONSTANT_CONVERSION = YES;
				CLANG_WARN_DEPRECATED_OBJC_IMPLEMENTATIONS = YES;
				CLANG_WARN_DIRECT_OBJC_ISA_USAGE = YES_ERROR;
				CLANG_WARN_DOCUMENTATION_COMMENTS = YES;
				CLANG_WARN_EMPTY_BODY = YES;
				CLANG_WARN_ENUM_CONVERSION = YES;
				CLANG_WARN_INFINITE_RECURSION = YES;
				CLANG_WARN_INT_CONVERSION = YES;
				CLANG_WARN_NON_LITERAL_NULL_CONVERSION = YES;
				CLANG_WARN_OBJC_IMPLICIT_RETAIN_SELF = YES;
				CLANG_WARN_OBJC_LITERAL_CONVERSION = YES;
				CLANG_WARN_OBJC_ROOT_CLASS = YES_ERROR;
				CLANG_WARN_QUOTED_INCLUDE_IN_FRAMEWORK_HEADER = YES;
				CLANG_WARN_RANGE_LOOP_ANALYSIS = YES;
				CLANG_WARN_STRICT_PROTOTYPES = YES;
				CLANG_WARN_SUSPICIOUS_MOVE = YES;
				CLANG_WARN_UNGUARDED_AVAILABILITY = YES_AGGRESSIVE;
				CLANG_WARN_UNREACHABLE_CODE = YES;
				CLANG_WARN__DUPLICATE_METHOD_MATCH = YES;
				COPY_PHASE_STRIP = NO;
				DEBUG_INFORMATION_FORMAT = "dwarf-with-dsym";
				ENABLE_NS_ASSERTIONS = NO;
				ENABLE_STRICT_OBJC_MSGSEND = YES;
				GCC_C_LANGUAGE_STANDARD = gnu11;
				GCC_NO_COMMON_BLOCKS = YES;
				GCC_WARN_64_TO_32_BIT_CONVERSION = YES;
				GCC_WARN_ABOUT_RETURN_TYPE = YES_ERROR;
				GCC_WARN_UNDECLARED_SELECTOR = YES;
				GCC_WARN_UNINITIALIZED_AUTOS = YES_AGGRESSIVE;
				GCC_WARN_UNUSED_FUNCTION = YES;
				GCC_WARN_UNUSED_VARIABLE = YES;
				IPHONEOS_DEPLOYMENT_TARGET = 15.5;
				MTL_ENABLE_DEBUG_INFO = NO;
				MTL_FAST_MATH = YES;
				SDKROOT = iphoneos;
				SWIFT_COMPILATION_MODE = wholemodule;
				SWIFT_OPTIMIZATION_LEVEL = "-O";
				VALIDATE_PRODUCT = YES;
			};
			name = Release;
		};
		8E82682E28AF89EC008DE732 /* Debug */ = {
			isa = XCBuildConfiguration;
			baseConfigurationReference = 9C3667D3BCFF4A80F0B2AAA4 /* Pods-Post_App.debug.xcconfig */;
			buildSettings = {
				ASSETCATALOG_COMPILER_APPICON_NAME = AppIcon;
				ASSETCATALOG_COMPILER_GLOBAL_ACCENT_COLOR_NAME = AccentColor;
				CODE_SIGN_STYLE = Automatic;
				CURRENT_PROJECT_VERSION = 1;
				DEVELOPMENT_TEAM = 95RKVU6XK7;
				GENERATE_INFOPLIST_FILE = YES;
				INFOPLIST_FILE = Post_App/Info.plist;
				INFOPLIST_KEY_UIApplicationSupportsIndirectInputEvents = YES;
				INFOPLIST_KEY_UILaunchStoryboardName = LaunchScreen;
				INFOPLIST_KEY_UIMainStoryboardFile = Main;
				INFOPLIST_KEY_UISupportedInterfaceOrientations_iPad = "UIInterfaceOrientationPortrait UIInterfaceOrientationPortraitUpsideDown UIInterfaceOrientationLandscapeLeft UIInterfaceOrientationLandscapeRight";
				INFOPLIST_KEY_UISupportedInterfaceOrientations_iPhone = "UIInterfaceOrientationPortrait UIInterfaceOrientationLandscapeLeft UIInterfaceOrientationLandscapeRight";
				LD_RUNPATH_SEARCH_PATHS = (
					"$(inherited)",
					"@executable_path/Frameworks",
				);
				MARKETING_VERSION = 1.0;
				PRODUCT_BUNDLE_IDENTIFIER = "pixelplus.Post-App";
				PRODUCT_NAME = "$(TARGET_NAME)";
				SWIFT_EMIT_LOC_STRINGS = YES;
				SWIFT_VERSION = 5.0;
				TARGETED_DEVICE_FAMILY = "1,2";
			};
			name = Debug;
		};
		8E82682F28AF89EC008DE732 /* Release */ = {
			isa = XCBuildConfiguration;
			baseConfigurationReference = CF10605DD985578AE4B99A47 /* Pods-Post_App.release.xcconfig */;
			buildSettings = {
				ASSETCATALOG_COMPILER_APPICON_NAME = AppIcon;
				ASSETCATALOG_COMPILER_GLOBAL_ACCENT_COLOR_NAME = AccentColor;
				CODE_SIGN_STYLE = Automatic;
				CURRENT_PROJECT_VERSION = 1;
				DEVELOPMENT_TEAM = 95RKVU6XK7;
				GENERATE_INFOPLIST_FILE = YES;
				INFOPLIST_FILE = Post_App/Info.plist;
				INFOPLIST_KEY_UIApplicationSupportsIndirectInputEvents = YES;
				INFOPLIST_KEY_UILaunchStoryboardName = LaunchScreen;
				INFOPLIST_KEY_UIMainStoryboardFile = Main;
				INFOPLIST_KEY_UISupportedInterfaceOrientations_iPad = "UIInterfaceOrientationPortrait UIInterfaceOrientationPortraitUpsideDown UIInterfaceOrientationLandscapeLeft UIInterfaceOrientationLandscapeRight";
				INFOPLIST_KEY_UISupportedInterfaceOrientations_iPhone = "UIInterfaceOrientationPortrait UIInterfaceOrientationLandscapeLeft UIInterfaceOrientationLandscapeRight";
				LD_RUNPATH_SEARCH_PATHS = (
					"$(inherited)",
					"@executable_path/Frameworks",
				);
				MARKETING_VERSION = 1.0;
				PRODUCT_BUNDLE_IDENTIFIER = "pixelplus.Post-App";
				PRODUCT_NAME = "$(TARGET_NAME)";
				SWIFT_EMIT_LOC_STRINGS = YES;
				SWIFT_VERSION = 5.0;
				TARGETED_DEVICE_FAMILY = "1,2";
			};
			name = Release;
		};
/* End XCBuildConfiguration section */

/* Begin XCConfigurationList section */
		8E82681428AF89EB008DE732 /* Build configuration list for PBXProject "Post_App" */ = {
			isa = XCConfigurationList;
			buildConfigurations = (
				8E82682B28AF89EC008DE732 /* Debug */,
				8E82682C28AF89EC008DE732 /* Release */,
			);
			defaultConfigurationIsVisible = 0;
			defaultConfigurationName = Release;
		};
		8E82682D28AF89EC008DE732 /* Build configuration list for PBXNativeTarget "Post_App" */ = {
			isa = XCConfigurationList;
			buildConfigurations = (
				8E82682E28AF89EC008DE732 /* Debug */,
				8E82682F28AF89EC008DE732 /* Release */,
			);
			defaultConfigurationIsVisible = 0;
			defaultConfigurationName = Release;
		};
/* End XCConfigurationList section */

/* Begin XCRemoteSwiftPackageReference section */
		8E0057A928AF8B5B00BD36B0 /* XCRemoteSwiftPackageReference "firebase-ios-sdk" */ = {
			isa = XCRemoteSwiftPackageReference;
			repositoryURL = "https://github.com/firebase/firebase-ios-sdk";
			requirement = {
				branch = master;
				kind = branch;
			};
		};
/* End XCRemoteSwiftPackageReference section */

/* Begin XCSwiftPackageProductDependency section */
		8E0057AA28AF8B5B00BD36B0 /* FirebaseAnalytics */ = {
			isa = XCSwiftPackageProductDependency;
			package = 8E0057A928AF8B5B00BD36B0 /* XCRemoteSwiftPackageReference "firebase-ios-sdk" */;
			productName = FirebaseAnalytics;
		};
		8E0057AC28AF8B5B00BD36B0 /* FirebaseAnalyticsOnDeviceConversion */ = {
			isa = XCSwiftPackageProductDependency;
			package = 8E0057A928AF8B5B00BD36B0 /* XCRemoteSwiftPackageReference "firebase-ios-sdk" */;
			productName = FirebaseAnalyticsOnDeviceConversion;
		};
		8E0057AE28AF8B5B00BD36B0 /* FirebaseAnalyticsSwift */ = {
			isa = XCSwiftPackageProductDependency;
			package = 8E0057A928AF8B5B00BD36B0 /* XCRemoteSwiftPackageReference "firebase-ios-sdk" */;
			productName = FirebaseAnalyticsSwift;
		};
		8E0057B028AF8B5B00BD36B0 /* FirebaseAnalyticsWithoutAdIdSupport */ = {
			isa = XCSwiftPackageProductDependency;
			package = 8E0057A928AF8B5B00BD36B0 /* XCRemoteSwiftPackageReference "firebase-ios-sdk" */;
			productName = FirebaseAnalyticsWithoutAdIdSupport;
		};
		8E0057B228AF8B5B00BD36B0 /* FirebaseAppCheck */ = {
			isa = XCSwiftPackageProductDependency;
			package = 8E0057A928AF8B5B00BD36B0 /* XCRemoteSwiftPackageReference "firebase-ios-sdk" */;
			productName = FirebaseAppCheck;
		};
		8E0057B428AF8B5B00BD36B0 /* FirebaseAppDistribution-Beta */ = {
			isa = XCSwiftPackageProductDependency;
			package = 8E0057A928AF8B5B00BD36B0 /* XCRemoteSwiftPackageReference "firebase-ios-sdk" */;
			productName = "FirebaseAppDistribution-Beta";
		};
		8E0057B628AF8B5B00BD36B0 /* FirebaseAuth */ = {
			isa = XCSwiftPackageProductDependency;
			package = 8E0057A928AF8B5B00BD36B0 /* XCRemoteSwiftPackageReference "firebase-ios-sdk" */;
			productName = FirebaseAuth;
		};
		8E0057B828AF8B5B00BD36B0 /* FirebaseAuthCombine-Community */ = {
			isa = XCSwiftPackageProductDependency;
			package = 8E0057A928AF8B5B00BD36B0 /* XCRemoteSwiftPackageReference "firebase-ios-sdk" */;
			productName = "FirebaseAuthCombine-Community";
		};
		8E0057BA28AF8B5B00BD36B0 /* FirebaseCrashlytics */ = {
			isa = XCSwiftPackageProductDependency;
			package = 8E0057A928AF8B5B00BD36B0 /* XCRemoteSwiftPackageReference "firebase-ios-sdk" */;
			productName = FirebaseCrashlytics;
		};
		8E0057BC28AF8B5B00BD36B0 /* FirebaseDatabase */ = {
			isa = XCSwiftPackageProductDependency;
			package = 8E0057A928AF8B5B00BD36B0 /* XCRemoteSwiftPackageReference "firebase-ios-sdk" */;
			productName = FirebaseDatabase;
		};
		8E0057BE28AF8B5B00BD36B0 /* FirebaseDatabaseSwift */ = {
			isa = XCSwiftPackageProductDependency;
			package = 8E0057A928AF8B5B00BD36B0 /* XCRemoteSwiftPackageReference "firebase-ios-sdk" */;
			productName = FirebaseDatabaseSwift;
		};
		8E0057C028AF8B5B00BD36B0 /* FirebaseDynamicLinks */ = {
			isa = XCSwiftPackageProductDependency;
			package = 8E0057A928AF8B5B00BD36B0 /* XCRemoteSwiftPackageReference "firebase-ios-sdk" */;
			productName = FirebaseDynamicLinks;
		};
		8E0057C228AF8B5B00BD36B0 /* FirebaseFirestore */ = {
			isa = XCSwiftPackageProductDependency;
			package = 8E0057A928AF8B5B00BD36B0 /* XCRemoteSwiftPackageReference "firebase-ios-sdk" */;
			productName = FirebaseFirestore;
		};
		8E0057C428AF8B5B00BD36B0 /* FirebaseFirestoreCombine-Community */ = {
			isa = XCSwiftPackageProductDependency;
			package = 8E0057A928AF8B5B00BD36B0 /* XCRemoteSwiftPackageReference "firebase-ios-sdk" */;
			productName = "FirebaseFirestoreCombine-Community";
		};
		8E0057C628AF8B5B00BD36B0 /* FirebaseFirestoreSwift */ = {
			isa = XCSwiftPackageProductDependency;
			package = 8E0057A928AF8B5B00BD36B0 /* XCRemoteSwiftPackageReference "firebase-ios-sdk" */;
			productName = FirebaseFirestoreSwift;
		};
		8E0057C828AF8B5B00BD36B0 /* FirebaseFunctions */ = {
			isa = XCSwiftPackageProductDependency;
			package = 8E0057A928AF8B5B00BD36B0 /* XCRemoteSwiftPackageReference "firebase-ios-sdk" */;
			productName = FirebaseFunctions;
		};
		8E0057CA28AF8B5B00BD36B0 /* FirebaseFunctionsCombine-Community */ = {
			isa = XCSwiftPackageProductDependency;
			package = 8E0057A928AF8B5B00BD36B0 /* XCRemoteSwiftPackageReference "firebase-ios-sdk" */;
			productName = "FirebaseFunctionsCombine-Community";
		};
		8E0057CC28AF8B5B00BD36B0 /* FirebaseInAppMessaging-Beta */ = {
			isa = XCSwiftPackageProductDependency;
			package = 8E0057A928AF8B5B00BD36B0 /* XCRemoteSwiftPackageReference "firebase-ios-sdk" */;
			productName = "FirebaseInAppMessaging-Beta";
		};
		8E0057CE28AF8B5B00BD36B0 /* FirebaseInAppMessagingSwift-Beta */ = {
			isa = XCSwiftPackageProductDependency;
			package = 8E0057A928AF8B5B00BD36B0 /* XCRemoteSwiftPackageReference "firebase-ios-sdk" */;
			productName = "FirebaseInAppMessagingSwift-Beta";
		};
		8E0057D028AF8B5B00BD36B0 /* FirebaseInstallations */ = {
			isa = XCSwiftPackageProductDependency;
			package = 8E0057A928AF8B5B00BD36B0 /* XCRemoteSwiftPackageReference "firebase-ios-sdk" */;
			productName = FirebaseInstallations;
		};
		8E0057D228AF8B5B00BD36B0 /* FirebaseMLModelDownloader */ = {
			isa = XCSwiftPackageProductDependency;
			package = 8E0057A928AF8B5B00BD36B0 /* XCRemoteSwiftPackageReference "firebase-ios-sdk" */;
			productName = FirebaseMLModelDownloader;
		};
		8E0057D428AF8B5B00BD36B0 /* FirebaseMessaging */ = {
			isa = XCSwiftPackageProductDependency;
			package = 8E0057A928AF8B5B00BD36B0 /* XCRemoteSwiftPackageReference "firebase-ios-sdk" */;
			productName = FirebaseMessaging;
		};
		8E0057D628AF8B5B00BD36B0 /* FirebasePerformance */ = {
			isa = XCSwiftPackageProductDependency;
			package = 8E0057A928AF8B5B00BD36B0 /* XCRemoteSwiftPackageReference "firebase-ios-sdk" */;
			productName = FirebasePerformance;
		};
		8E0057D828AF8B5B00BD36B0 /* FirebaseRemoteConfig */ = {
			isa = XCSwiftPackageProductDependency;
			package = 8E0057A928AF8B5B00BD36B0 /* XCRemoteSwiftPackageReference "firebase-ios-sdk" */;
			productName = FirebaseRemoteConfig;
		};
		8E0057DA28AF8B5B00BD36B0 /* FirebaseRemoteConfigSwift */ = {
			isa = XCSwiftPackageProductDependency;
			package = 8E0057A928AF8B5B00BD36B0 /* XCRemoteSwiftPackageReference "firebase-ios-sdk" */;
			productName = FirebaseRemoteConfigSwift;
		};
		8E0057DC28AF8B5B00BD36B0 /* FirebaseStorage */ = {
			isa = XCSwiftPackageProductDependency;
			package = 8E0057A928AF8B5B00BD36B0 /* XCRemoteSwiftPackageReference "firebase-ios-sdk" */;
			productName = FirebaseStorage;
		};
		8E0057DE28AF8B5B00BD36B0 /* FirebaseStorageCombine-Community */ = {
			isa = XCSwiftPackageProductDependency;
			package = 8E0057A928AF8B5B00BD36B0 /* XCRemoteSwiftPackageReference "firebase-ios-sdk" */;
			productName = "FirebaseStorageCombine-Community";
		};
/* End XCSwiftPackageProductDependency section */
	};
	rootObject = 8E82681128AF89EB008DE732 /* Project object */;
}
